
Microsoft Visual Studio Solution File, Format Version 12.00
# Visual Studio Version 16
VisualStudioVersion = 16.0.31005.135
MinimumVisualStudioVersion = 10.0.40219.1
Project("{9A19103F-16F7-4668-BE54-9A1E7A4F7556}") = "GameEngine", "GameEngine\GameEngine.csproj", "{42714AC9-F577-43AA-A69A-8DAFB5D6C88F}"
EndProject
Project("{FAE04EC0-301F-11D3-BF4B-00C04F79EFBC}") = "TestGame", "TestGame\TestGame.csproj", "{F45C0ACA-4D20-4F2A-B5BF-1EC21F1DB7C0}"
	ProjectSection(ProjectDependencies) = postProject
		{42714AC9-F577-43AA-A69A-8DAFB5D6C88F} = {42714AC9-F577-43AA-A69A-8DAFB5D6C88F}
	EndProjectSection
EndProject
Project("{FAE04EC0-301F-11D3-BF4B-00C04F79EFBC}") = "Tetris", "Tetris\Tetris.csproj", "{FDF1BEF7-4767-4399-ACD6-EA36FB16FAF0}"
	ProjectSection(ProjectDependencies) = postProject
		{42714AC9-F577-43AA-A69A-8DAFB5D6C88F} = {42714AC9-F577-43AA-A69A-8DAFB5D6C88F}
	EndProjectSection
EndProject
Project("{FAE04EC0-301F-11D3-BF4B-00C04F79EFBC}") = "GameBase", "GameBase\GameBase.csproj", "{E1C78080-D2A0-496E-A73D-74327B0E475B}"
EndProject
Project("{FAE04EC0-301F-11D3-BF4B-00C04F79EFBC}") = "SpaceInvaders", "Space invaders\SpaceInvaders.csproj", "{10AEF7A5-6C79-439E-8646-204B847FF67D}"
EndProject
Global
	GlobalSection(SolutionConfigurationPlatforms) = preSolution
		Debug|Any CPU = Debug|Any CPU
		Release|Any CPU = Release|Any CPU
	EndGlobalSection
	GlobalSection(ProjectConfigurationPlatforms) = postSolution
		{42714AC9-F577-43AA-A69A-8DAFB5D6C88F}.Debug|Any CPU.ActiveCfg = Debug|Any CPU
		{42714AC9-F577-43AA-A69A-8DAFB5D6C88F}.Debug|Any CPU.Build.0 = Debug|Any CPU
		{42714AC9-F577-43AA-A69A-8DAFB5D6C88F}.Release|Any CPU.ActiveCfg = Release|Any CPU
		{42714AC9-F577-43AA-A69A-8DAFB5D6C88F}.Release|Any CPU.Build.0 = Release|Any CPU
		{F45C0ACA-4D20-4F2A-B5BF-1EC21F1DB7C0}.Debug|Any CPU.ActiveCfg = Debug|Any CPU
		{F45C0ACA-4D20-4F2A-B5BF-1EC21F1DB7C0}.Debug|Any CPU.Build.0 = Debug|Any CPU
		{F45C0ACA-4D20-4F2A-B5BF-1EC21F1DB7C0}.Release|Any CPU.ActiveCfg = Release|Any CPU
		{F45C0ACA-4D20-4F2A-B5BF-1EC21F1DB7C0}.Release|Any CPU.Build.0 = Release|Any CPU
		{FDF1BEF7-4767-4399-ACD6-EA36FB16FAF0}.Debug|Any CPU.ActiveCfg = Debug|Any CPU
		{FDF1BEF7-4767-4399-ACD6-EA36FB16FAF0}.Debug|Any CPU.Build.0 = Debug|Any CPU
		{FDF1BEF7-4767-4399-ACD6-EA36FB16FAF0}.Release|Any CPU.ActiveCfg = Release|Any CPU
		{FDF1BEF7-4767-4399-ACD6-EA36FB16FAF0}.Release|Any CPU.Build.0 = Release|Any CPU
		{E1C78080-D2A0-496E-A73D-74327B0E475B}.Debug|Any CPU.ActiveCfg = Debug|Any CPU
		{E1C78080-D2A0-496E-A73D-74327B0E475B}.Debug|Any CPU.Build.0 = Debug|Any CPU
		{E1C78080-D2A0-496E-A73D-74327B0E475B}.Release|Any CPU.ActiveCfg = Release|Any CPU
		{E1C78080-D2A0-496E-A73D-74327B0E475B}.Release|Any CPU.Build.0 = Release|Any CPU
		{10AEF7A5-6C79-439E-8646-204B847FF67D}.Debug|Any CPU.ActiveCfg = Debug|Any CPU
		{10AEF7A5-6C79-439E-8646-204B847FF67D}.Debug|Any CPU.Build.0 = Debug|Any CPU
		{10AEF7A5-6C79-439E-8646-204B847FF67D}.Release|Any CPU.ActiveCfg = Release|Any CPU
		{10AEF7A5-6C79-439E-8646-204B847FF67D}.Release|Any CPU.Build.0 = Release|Any CPU
	EndGlobalSection
	GlobalSection(SolutionProperties) = preSolution
		HideSolutionNode = FALSE
	EndGlobalSection
	GlobalSection(ExtensibilityGlobals) = postSolution
		SolutionGuid = {ACC2992F-A5AC-40FA-82B1-2677A95FAADA}
	EndGlobalSection
EndGlobal
